
Microsoft Visual Studio Solution File, Format Version 12.00
# Visual Studio Version 17
VisualStudioVersion = 17.0.32014.148
MinimumVisualStudioVersion = 10.0.40219.1
Project("{9A19103F-16F7-4668-BE54-9A1E7A4F7556}") = "Catalog.API", "Catalog.API.csproj", "{C9FC9A40-E678-40E9-A344-69D08B47E27D}"
EndProject
Project("{2150E333-8FDC-42A3-9474-1A3956D46DE8}") = "Services", "Services", "{24E483CF-C9F7-4F7D-A8FB-83338495E929}"
EndProject
Project("{2150E333-8FDC-42A3-9474-1A3956D46DE8}") = "Catalog", "Catalog", "{880B6940-29B1-42D9-B812-C96B334F2EAB}"
EndProject
Project("{2150E333-8FDC-42A3-9474-1A3956D46DE8}") = "Basket", "Basket", "{540AE019-4A6F-41B7-9C5F-29E9DD75BB97}"
EndProject
Project("{9A19103F-16F7-4668-BE54-9A1E7A4F7556}") = "Basket.API", "..\..\Basket\Basket.API\Basket.API.csproj", "{37CCE000-6DB9-4C4D-AD61-EA3DC0E6E6A2}"
EndProject
Project("{E53339B2-1760-4266-BCC7-CA923CBCF16C}") = "docker-compose", "docker-compose.dcproj", "{68B7ACFC-B3EE-485A-89C0-34716414E598}"
EndProject
Global
	GlobalSection(SolutionConfigurationPlatforms) = preSolution
		Debug|Any CPU = Debug|Any CPU
		Release|Any CPU = Release|Any CPU
	EndGlobalSection
	GlobalSection(ProjectConfigurationPlatforms) = postSolution
		{C9FC9A40-E678-40E9-A344-69D08B47E27D}.Debug|Any CPU.ActiveCfg = Debug|Any CPU
		{C9FC9A40-E678-40E9-A344-69D08B47E27D}.Debug|Any CPU.Build.0 = Debug|Any CPU
		{C9FC9A40-E678-40E9-A344-69D08B47E27D}.Release|Any CPU.ActiveCfg = Release|Any CPU
		{C9FC9A40-E678-40E9-A344-69D08B47E27D}.Release|Any CPU.Build.0 = Release|Any CPU
		{37CCE000-6DB9-4C4D-AD61-EA3DC0E6E6A2}.Debug|Any CPU.ActiveCfg = Debug|Any CPU
		{37CCE000-6DB9-4C4D-AD61-EA3DC0E6E6A2}.Debug|Any CPU.Build.0 = Debug|Any CPU
		{37CCE000-6DB9-4C4D-AD61-EA3DC0E6E6A2}.Release|Any CPU.ActiveCfg = Release|Any CPU
		{37CCE000-6DB9-4C4D-AD61-EA3DC0E6E6A2}.Release|Any CPU.Build.0 = Release|Any CPU
		{68B7ACFC-B3EE-485A-89C0-34716414E598}.Debug|Any CPU.ActiveCfg = Debug|Any CPU
		{68B7ACFC-B3EE-485A-89C0-34716414E598}.Debug|Any CPU.Build.0 = Debug|Any CPU
		{68B7ACFC-B3EE-485A-89C0-34716414E598}.Release|Any CPU.ActiveCfg = Release|Any CPU
		{68B7ACFC-B3EE-485A-89C0-34716414E598}.Release|Any CPU.Build.0 = Release|Any CPU
	EndGlobalSection
	GlobalSection(SolutionProperties) = preSolution
		HideSolutionNode = FALSE
	EndGlobalSection
	GlobalSection(NestedProjects) = preSolution
		{C9FC9A40-E678-40E9-A344-69D08B47E27D} = {880B6940-29B1-42D9-B812-C96B334F2EAB}
		{880B6940-29B1-42D9-B812-C96B334F2EAB} = {24E483CF-C9F7-4F7D-A8FB-83338495E929}
		{540AE019-4A6F-41B7-9C5F-29E9DD75BB97} = {24E483CF-C9F7-4F7D-A8FB-83338495E929}
		{37CCE000-6DB9-4C4D-AD61-EA3DC0E6E6A2} = {540AE019-4A6F-41B7-9C5F-29E9DD75BB97}
	EndGlobalSection
	GlobalSection(ExtensibilityGlobals) = postSolution
		SolutionGuid = {2B5923F5-6639-4ACE-BD47-7B94AE749119}
	EndGlobalSection
EndGlobal
