
Microsoft Visual Studio Solution File, Format Version 12.00
# Visual Studio Version 17
VisualStudioVersion = 17.0.32014.148
MinimumVisualStudioVersion = 10.0.40219.1
Project("{9A19103F-16F7-4668-BE54-9A1E7A4F7556}") = "Catalog.API", "Services\Catalog\Catalog.API\Catalog.API.csproj", "{45CDD48F-027D-40C5-AB0F-2F8DFB5EB63B}"
EndProject
Project("{2150E333-8FDC-42A3-9474-1A3956D46DE8}") = "Services", "Services", "{C0BFDDE3-16CE-4B66-9EEB-796C672C513A}"
EndProject
Project("{2150E333-8FDC-42A3-9474-1A3956D46DE8}") = "Catalog", "Catalog", "{2FF7F3C6-85CD-4566-A964-38384E5A212F}"
EndProject
Project("{2150E333-8FDC-42A3-9474-1A3956D46DE8}") = "Basket", "Basket", "{E5A6BC47-A012-4453-8680-E7F323DF7D93}"
EndProject
Project("{9A19103F-16F7-4668-BE54-9A1E7A4F7556}") = "Basket.API", "Services\Basket\Basket.API\Basket.API.csproj", "{2053018A-3F36-494B-83A4-3E6510ED4121}"
EndProject
Project("{E53339B2-1760-4266-BCC7-CA923CBCF16C}") = "docker-compose", "docker-compose.dcproj", "{F3BC3978-AB95-4FB1-8ECE-C99EC61E53FD}"
EndProject
Project("{2150E333-8FDC-42A3-9474-1A3956D46DE8}") = "Discount", "Discount", "{FC01B678-D776-41FD-967F-7ACA9E0C9954}"
EndProject
Project("{9A19103F-16F7-4668-BE54-9A1E7A4F7556}") = "Discount.API", "Services\Discount\Discount.API\Discount.API.csproj", "{FD57FD6B-95B2-482C-8BD3-549F55EA9621}"
EndProject
Project("{9A19103F-16F7-4668-BE54-9A1E7A4F7556}") = "Discount.Grpc", "Services\Discount\Discount.Grpc\Discount.Grpc.csproj", "{53C9191E-AE73-460C-9603-E8504EB0D643}"
EndProject
Project("{2150E333-8FDC-42A3-9474-1A3956D46DE8}") = "Ordering", "Ordering", "{8B96600D-90F6-4482-A6CD-E8FF64A2DCF4}"
EndProject
Project("{9A19103F-16F7-4668-BE54-9A1E7A4F7556}") = "Ordering.API", "Services\Ordering\Ordering.API\Ordering.API.csproj", "{E973956A-8A26-427A-B90B-D35A98861D44}"
EndProject
Project("{9A19103F-16F7-4668-BE54-9A1E7A4F7556}") = "Ordering.Domain", "Services\Ordering\Ordering.Domain\Ordering.Domain.csproj", "{62618346-BD1E-48FE-A6F4-0673C9958354}"
EndProject
Project("{9A19103F-16F7-4668-BE54-9A1E7A4F7556}") = "Ordering.Application", "Services\Ordering\Ordering.Application\Ordering.Application.csproj", "{19A2EE63-3C18-451F-B552-4D5E241D6C65}"
EndProject
Project("{9A19103F-16F7-4668-BE54-9A1E7A4F7556}") = "Ordering.Infrastructure", "Services\Ordering\Ordering.Infrastructure\Ordering.Infrastructure.csproj", "{AC3ED176-B6B5-46CD-A997-67833B93E233}"
EndProject
Project("{2150E333-8FDC-42A3-9474-1A3956D46DE8}") = "BuildingBlocks", "BuildingBlocks", "{83BC068E-60CE-434E-AFE7-0D196DEB7375}"
EndProject
Project("{9A19103F-16F7-4668-BE54-9A1E7A4F7556}") = "EventBus.Messages", "BuildingBlocks\EventBus.Messages\EventBus.Messages.csproj", "{9DE943FB-A26B-4332-87C4-3A69A08039D0}"
EndProject
Project("{2150E333-8FDC-42A3-9474-1A3956D46DE8}") = "ApiGateways", "ApiGateways", "{8022DCDF-7A19-45B6-83B0-ECEE952EDA19}"
EndProject
Project("{FAE04EC0-301F-11D3-BF4B-00C04F79EFBC}") = "OcelotApiGw", "ApiGateways\OcelotApiGw\OcelotApiGw.csproj", "{ECB9E014-AAE9-4E83-87D1-A882BC8A91D1}"
EndProject
Global
	GlobalSection(SolutionConfigurationPlatforms) = preSolution
		Debug|Any CPU = Debug|Any CPU
		Release|Any CPU = Release|Any CPU
	EndGlobalSection
	GlobalSection(ProjectConfigurationPlatforms) = postSolution
		{45CDD48F-027D-40C5-AB0F-2F8DFB5EB63B}.Debug|Any CPU.ActiveCfg = Debug|Any CPU
		{45CDD48F-027D-40C5-AB0F-2F8DFB5EB63B}.Debug|Any CPU.Build.0 = Debug|Any CPU
		{45CDD48F-027D-40C5-AB0F-2F8DFB5EB63B}.Release|Any CPU.ActiveCfg = Release|Any CPU
		{45CDD48F-027D-40C5-AB0F-2F8DFB5EB63B}.Release|Any CPU.Build.0 = Release|Any CPU
		{2053018A-3F36-494B-83A4-3E6510ED4121}.Debug|Any CPU.ActiveCfg = Debug|Any CPU
		{2053018A-3F36-494B-83A4-3E6510ED4121}.Debug|Any CPU.Build.0 = Debug|Any CPU
		{2053018A-3F36-494B-83A4-3E6510ED4121}.Release|Any CPU.ActiveCfg = Release|Any CPU
		{2053018A-3F36-494B-83A4-3E6510ED4121}.Release|Any CPU.Build.0 = Release|Any CPU
		{F3BC3978-AB95-4FB1-8ECE-C99EC61E53FD}.Debug|Any CPU.ActiveCfg = Debug|Any CPU
		{F3BC3978-AB95-4FB1-8ECE-C99EC61E53FD}.Debug|Any CPU.Build.0 = Debug|Any CPU
		{F3BC3978-AB95-4FB1-8ECE-C99EC61E53FD}.Release|Any CPU.ActiveCfg = Release|Any CPU
		{F3BC3978-AB95-4FB1-8ECE-C99EC61E53FD}.Release|Any CPU.Build.0 = Release|Any CPU
		{FD57FD6B-95B2-482C-8BD3-549F55EA9621}.Debug|Any CPU.ActiveCfg = Debug|Any CPU
		{FD57FD6B-95B2-482C-8BD3-549F55EA9621}.Debug|Any CPU.Build.0 = Debug|Any CPU
		{FD57FD6B-95B2-482C-8BD3-549F55EA9621}.Release|Any CPU.ActiveCfg = Release|Any CPU
		{FD57FD6B-95B2-482C-8BD3-549F55EA9621}.Release|Any CPU.Build.0 = Release|Any CPU
		{53C9191E-AE73-460C-9603-E8504EB0D643}.Debug|Any CPU.ActiveCfg = Debug|Any CPU
		{53C9191E-AE73-460C-9603-E8504EB0D643}.Debug|Any CPU.Build.0 = Debug|Any CPU
		{53C9191E-AE73-460C-9603-E8504EB0D643}.Release|Any CPU.ActiveCfg = Release|Any CPU
		{53C9191E-AE73-460C-9603-E8504EB0D643}.Release|Any CPU.Build.0 = Release|Any CPU
		{E973956A-8A26-427A-B90B-D35A98861D44}.Debug|Any CPU.ActiveCfg = Debug|Any CPU
		{E973956A-8A26-427A-B90B-D35A98861D44}.Debug|Any CPU.Build.0 = Debug|Any CPU
		{E973956A-8A26-427A-B90B-D35A98861D44}.Release|Any CPU.ActiveCfg = Release|Any CPU
		{E973956A-8A26-427A-B90B-D35A98861D44}.Release|Any CPU.Build.0 = Release|Any CPU
		{62618346-BD1E-48FE-A6F4-0673C9958354}.Debug|Any CPU.ActiveCfg = Debug|Any CPU
		{62618346-BD1E-48FE-A6F4-0673C9958354}.Debug|Any CPU.Build.0 = Debug|Any CPU
		{62618346-BD1E-48FE-A6F4-0673C9958354}.Release|Any CPU.ActiveCfg = Release|Any CPU
		{62618346-BD1E-48FE-A6F4-0673C9958354}.Release|Any CPU.Build.0 = Release|Any CPU
		{19A2EE63-3C18-451F-B552-4D5E241D6C65}.Debug|Any CPU.ActiveCfg = Debug|Any CPU
		{19A2EE63-3C18-451F-B552-4D5E241D6C65}.Debug|Any CPU.Build.0 = Debug|Any CPU
		{19A2EE63-3C18-451F-B552-4D5E241D6C65}.Release|Any CPU.ActiveCfg = Release|Any CPU
		{19A2EE63-3C18-451F-B552-4D5E241D6C65}.Release|Any CPU.Build.0 = Release|Any CPU
		{AC3ED176-B6B5-46CD-A997-67833B93E233}.Debug|Any CPU.ActiveCfg = Debug|Any CPU
		{AC3ED176-B6B5-46CD-A997-67833B93E233}.Debug|Any CPU.Build.0 = Debug|Any CPU
		{AC3ED176-B6B5-46CD-A997-67833B93E233}.Release|Any CPU.ActiveCfg = Release|Any CPU
		{AC3ED176-B6B5-46CD-A997-67833B93E233}.Release|Any CPU.Build.0 = Release|Any CPU
		{9DE943FB-A26B-4332-87C4-3A69A08039D0}.Debug|Any CPU.ActiveCfg = Debug|Any CPU
		{9DE943FB-A26B-4332-87C4-3A69A08039D0}.Debug|Any CPU.Build.0 = Debug|Any CPU
		{9DE943FB-A26B-4332-87C4-3A69A08039D0}.Release|Any CPU.ActiveCfg = Release|Any CPU
		{9DE943FB-A26B-4332-87C4-3A69A08039D0}.Release|Any CPU.Build.0 = Release|Any CPU
		{ECB9E014-AAE9-4E83-87D1-A882BC8A91D1}.Debug|Any CPU.ActiveCfg = Debug|Any CPU
		{ECB9E014-AAE9-4E83-87D1-A882BC8A91D1}.Debug|Any CPU.Build.0 = Debug|Any CPU
		{ECB9E014-AAE9-4E83-87D1-A882BC8A91D1}.Release|Any CPU.ActiveCfg = Release|Any CPU
		{ECB9E014-AAE9-4E83-87D1-A882BC8A91D1}.Release|Any CPU.Build.0 = Release|Any CPU
	EndGlobalSection
	GlobalSection(SolutionProperties) = preSolution
		HideSolutionNode = FALSE
	EndGlobalSection
	GlobalSection(NestedProjects) = preSolution
		{45CDD48F-027D-40C5-AB0F-2F8DFB5EB63B} = {2FF7F3C6-85CD-4566-A964-38384E5A212F}
		{2FF7F3C6-85CD-4566-A964-38384E5A212F} = {C0BFDDE3-16CE-4B66-9EEB-796C672C513A}
		{E5A6BC47-A012-4453-8680-E7F323DF7D93} = {C0BFDDE3-16CE-4B66-9EEB-796C672C513A}
		{2053018A-3F36-494B-83A4-3E6510ED4121} = {E5A6BC47-A012-4453-8680-E7F323DF7D93}
		{FC01B678-D776-41FD-967F-7ACA9E0C9954} = {C0BFDDE3-16CE-4B66-9EEB-796C672C513A}
		{FD57FD6B-95B2-482C-8BD3-549F55EA9621} = {FC01B678-D776-41FD-967F-7ACA9E0C9954}
		{53C9191E-AE73-460C-9603-E8504EB0D643} = {FC01B678-D776-41FD-967F-7ACA9E0C9954}
		{8B96600D-90F6-4482-A6CD-E8FF64A2DCF4} = {C0BFDDE3-16CE-4B66-9EEB-796C672C513A}
		{E973956A-8A26-427A-B90B-D35A98861D44} = {8B96600D-90F6-4482-A6CD-E8FF64A2DCF4}
		{62618346-BD1E-48FE-A6F4-0673C9958354} = {8B96600D-90F6-4482-A6CD-E8FF64A2DCF4}
		{19A2EE63-3C18-451F-B552-4D5E241D6C65} = {8B96600D-90F6-4482-A6CD-E8FF64A2DCF4}
		{AC3ED176-B6B5-46CD-A997-67833B93E233} = {8B96600D-90F6-4482-A6CD-E8FF64A2DCF4}
		{9DE943FB-A26B-4332-87C4-3A69A08039D0} = {83BC068E-60CE-434E-AFE7-0D196DEB7375}
		{ECB9E014-AAE9-4E83-87D1-A882BC8A91D1} = {8022DCDF-7A19-45B6-83B0-ECEE952EDA19}
	EndGlobalSection
	GlobalSection(ExtensibilityGlobals) = postSolution
		SolutionGuid = {2B5923F5-6639-4ACE-BD47-7B94AE749119}
	EndGlobalSection
EndGlobal
